{
    "_readme": [
        "This file locks the dependencies of your project to a known state",
        "Read more about it at http://getcomposer.org/doc/01-basic-usage.md#composer-lock-the-lock-file",
        "This file is @generated automatically"
    ],
    "hash": "0541fb549d2dccfac97d26ad0b31cb71",
    "packages": [
        {
            "name": "maniaplanet/manialib-xml",
            "version": "dev-master",
            "source": {
                "type": "git",
                "url": "https://github.com/maniaplanet/manialib-xml.git",
                "reference": "49e71b35127db2451018a2537ffc095d0a2f2d72"
            },
            "dist": {
                "type": "zip",
                "url": "https://api.github.com/repos/maniaplanet/manialib-xml/zipball/49e71b35127db2451018a2537ffc095d0a2f2d72",
                "reference": "49e71b35127db2451018a2537ffc095d0a2f2d72",
                "shasum": ""
            },
            "require": {
                "php": ">=5.3",
                "symfony/event-dispatcher": "~2.4"
            },
            "require-dev": {
                "symfony/finder": "2.3.*"
            },
            "type": "library",
            "extra": {
                "branch-alias": {
                    "dev-master": "0.2.x-dev"
                }
            },
            "autoload": {
                "psr-4": {
                    "ManiaLib\\": "src/ManiaLib/"
                }
            },
            "notification-url": "https://packagist.org/downloads/",
            "license": [
                "MIT"
            ],
            "authors": [
                {
                    "name": "Nadeo",
                    "email": "contact@nadeo.com",
                    "homepage": "http://www.nadeo.com/"
                }
            ],
            "description": "Object-oriented PHP library for writing XML.",
            "homepage": "https://github.com/maniaplanet/manialib-xml",
            "keywords": [
                "ManiaPlanet",
                "ShootMania",
                "TrackMania",
                "XMLWriter",
                "domdocument",
                "xml"
            ],
            "time": "2014-07-28 14:57:46"
        },
        {
            "name": "symfony/event-dispatcher",
            "version": "v2.5.5",
            "target-dir": "Symfony/Component/EventDispatcher",
            "source": {
                "type": "git",
                "url": "https://github.com/symfony/EventDispatcher.git",
                "reference": "f6281337bf5f985f585d1db6a83adb05ce531f46"
            },
            "dist": {
                "type": "zip",
                "url": "https://api.github.com/repos/symfony/EventDispatcher/zipball/f6281337bf5f985f585d1db6a83adb05ce531f46",
                "reference": "f6281337bf5f985f585d1db6a83adb05ce531f46",
                "shasum": ""
            },
            "require": {
                "php": ">=5.3.3"
            },
            "require-dev": {
                "psr/log": "~1.0",
                "symfony/config": "~2.0",
                "symfony/dependency-injection": "~2.0,<2.6.0",
                "symfony/stopwatch": "~2.2"
            },
            "suggest": {
                "symfony/dependency-injection": "",
                "symfony/http-kernel": ""
            },
            "type": "library",
            "extra": {
                "branch-alias": {
                    "dev-master": "2.5-dev"
                }
            },
            "autoload": {
                "psr-0": {
                    "Symfony\\Component\\EventDispatcher\\": ""
                }
            },
            "notification-url": "https://packagist.org/downloads/",
            "license": [
                "MIT"
            ],
            "authors": [
                {
                    "name": "Symfony Community",
                    "homepage": "http://symfony.com/contributors"
                },
                {
                    "name": "Fabien Potencier",
                    "email": "fabien@symfony.com"
                }
            ],
            "description": "Symfony EventDispatcher Component",
            "homepage": "http://symfony.com",
            "time": "2014-09-28 15:56:11"
        }
    ],
    "packages-dev": [],
    "aliases": [],
    "minimum-stability": "stable",
    "stability-flags": {
        "maniaplanet/manialib-xml": 20
    },
    "prefer-stable": false,
    "platform": [],
    "platform-dev": []
}
